
Microsoft Visual Studio Solution File, Format Version 12.00
# Visual Studio 15
VisualStudioVersion = 15.0.28010.2036
MinimumVisualStudioVersion = 10.0.40219.1
Project("{8BC9CEB8-8B4A-11D0-8D11-00A0C91BC942}") = "righTChoice", "righTChoice\righTChoice.vcxproj", "{5549E11D-6461-48D1-B42A-D6E363976BB1}"
EndProject
Global
	GlobalSection(SolutionConfigurationPlatforms) = preSolution
		Debug|x64 = Debug|x64
		Debug|x86 = Debug|x86
		Release|x64 = Release|x64
		Release|x86 = Release|x86
	EndGlobalSection
	GlobalSection(ProjectConfigurationPlatforms) = postSolution
		{5549E11D-6461-48D1-B42A-D6E363976BB1}.Debug|x64.ActiveCfg = Debug|x64
		{5549E11D-6461-48D1-B42A-D6E363976BB1}.Debug|x64.Build.0 = Debug|x64
		{5549E11D-6461-48D1-B42A-D6E363976BB1}.Debug|x86.ActiveCfg = Debug|Win32
		{5549E11D-6461-48D1-B42A-D6E363976BB1}.Debug|x86.Build.0 = Debug|Win32
		{5549E11D-6461-48D1-B42A-D6E363976BB1}.Release|x64.ActiveCfg = Release|x64
		{5549E11D-6461-48D1-B42A-D6E363976BB1}.Release|x64.Build.0 = Release|x64
		{5549E11D-6461-48D1-B42A-D6E363976BB1}.Release|x86.ActiveCfg = Release|Win32
		{5549E11D-6461-48D1-B42A-D6E363976BB1}.Release|x86.Build.0 = Release|Win32
	EndGlobalSection
	GlobalSection(SolutionProperties) = preSolution
		HideSolutionNode = FALSE
	EndGlobalSection
	GlobalSection(ExtensibilityGlobals) = postSolution
		SolutionGuid = {18A50E91-CF60-40AE-B0B0-B6EE6A900B08}
	EndGlobalSection
EndGlobal
